
Microsoft Visual Studio Solution File, Format Version 12.00
# Visual Studio 15
VisualStudioVersion = 15.0.27703.1
MinimumVisualStudioVersion = 10.0.40219.1
Project("{FAE04EC0-301F-11D3-BF4B-00C04F79EFBC}") = "CosmosDbDemo", "CosmosDbDemo\CosmosDbDemo.csproj", "{B8F6B136-D496-4464-930B-0D3834F13E7F}"
EndProject
Global
	GlobalSection(SolutionConfigurationPlatforms) = preSolution
		Debug|Any CPU = Debug|Any CPU
		Release|Any CPU = Release|Any CPU
	EndGlobalSection
	GlobalSection(ProjectConfigurationPlatforms) = postSolution
		{B8F6B136-D496-4464-930B-0D3834F13E7F}.Debug|Any CPU.ActiveCfg = Debug|Any CPU
		{B8F6B136-D496-4464-930B-0D3834F13E7F}.Debug|Any CPU.Build.0 = Debug|Any CPU
		{B8F6B136-D496-4464-930B-0D3834F13E7F}.Release|Any CPU.ActiveCfg = Release|Any CPU
		{B8F6B136-D496-4464-930B-0D3834F13E7F}.Release|Any CPU.Build.0 = Release|Any CPU
	EndGlobalSection
	GlobalSection(SolutionProperties) = preSolution
		HideSolutionNode = FALSE
	EndGlobalSection
	GlobalSection(ExtensibilityGlobals) = postSolution
		SolutionGuid = {B044B33A-E7E5-40B3-A074-7F4052242FCF}
	EndGlobalSection
EndGlobal
